
Microsoft Visual Studio Solution File, Format Version 12.00
# Visual Studio Version 16
VisualStudioVersion = 16.0.31702.278
MinimumVisualStudioVersion = 10.0.40219.1
Project("{FAE04EC0-301F-11D3-BF4B-00C04F79EFBC}") = "NestTask", "NestTask\NestTask.csproj", "{09787B86-82F0-41A0-9789-3498BBA42898}"
EndProject
Global
	GlobalSection(SolutionConfigurationPlatforms) = preSolution
		Debug|Any CPU = Debug|Any CPU
		Release|Any CPU = Release|Any CPU
	EndGlobalSection
	GlobalSection(ProjectConfigurationPlatforms) = postSolution
		{09787B86-82F0-41A0-9789-3498BBA42898}.Debug|Any CPU.ActiveCfg = Debug|Any CPU
		{09787B86-82F0-41A0-9789-3498BBA42898}.Debug|Any CPU.Build.0 = Debug|Any CPU
		{09787B86-82F0-41A0-9789-3498BBA42898}.Release|Any CPU.ActiveCfg = Release|Any CPU
		{09787B86-82F0-41A0-9789-3498BBA42898}.Release|Any CPU.Build.0 = Release|Any CPU
	EndGlobalSection
	GlobalSection(SolutionProperties) = preSolution
		HideSolutionNode = FALSE
	EndGlobalSection
	GlobalSection(ExtensibilityGlobals) = postSolution
		SolutionGuid = {D49F6C5D-871D-444E-9FBE-6A749D6EC030}
	EndGlobalSection
EndGlobal
